// !$*UTF8*$!
{
	archiveVersion = 1;
	classes = {
	};
	objectVersion = 56;
	objects = {

/* Begin PBXBuildFile section */
		184B89812BDB62B100728576 /* SignInEmailView.swift in Sources */ = {isa = PBXBuildFile; fileRef = 184B89802BDB62B100728576 /* SignInEmailView.swift */; };
		184B89832BDB63E400728576 /* GoogleService-Info.plist in Resources */ = {isa = PBXBuildFile; fileRef = 184B89822BDB63E400728576 /* GoogleService-Info.plist */; };
		184B898D2BDB663200728576 /* AuthentificationView.swift in Sources */ = {isa = PBXBuildFile; fileRef = 184B898C2BDB663200728576 /* AuthentificationView.swift */; };
		184B89902BDB681400728576 /* SignInEmailViewModel.swift in Sources */ = {isa = PBXBuildFile; fileRef = 184B898F2BDB681400728576 /* SignInEmailViewModel.swift */; };
		184B89922BDC71CD00728576 /* AuthentificationManagerViewModel.swift in Sources */ = {isa = PBXBuildFile; fileRef = 184B89912BDC71CD00728576 /* AuthentificationManagerViewModel.swift */; };
		184B89942BDC756700728576 /* ProfileView.swift in Sources */ = {isa = PBXBuildFile; fileRef = 184B89932BDC756700728576 /* ProfileView.swift */; };
		184B89962BDC75D600728576 /* ProfileViewModel.swift in Sources */ = {isa = PBXBuildFile; fileRef = 184B89952BDC75D600728576 /* ProfileViewModel.swift */; };
		184B89982BDC78D600728576 /* CreateGroupView.swift in Sources */ = {isa = PBXBuildFile; fileRef = 184B89972BDC78D600728576 /* CreateGroupView.swift */; };
		184B899B2BDC8AB300728576 /* GroupRowView.swift in Sources */ = {isa = PBXBuildFile; fileRef = 184B899A2BDC8AB300728576 /* GroupRowView.swift */; };
		184B899D2BDCB0B700728576 /* Group.swift in Sources */ = {isa = PBXBuildFile; fileRef = 184B899C2BDCB0B700728576 /* Group.swift */; };
		184B89AD2BDCDCA700728576 /* FirebaseAnalytics in Frameworks */ = {isa = PBXBuildFile; productRef = 184B89AC2BDCDCA700728576 /* FirebaseAnalytics */; };
		184B89AF2BDCDCA700728576 /* FirebaseAnalyticsSwift in Frameworks */ = {isa = PBXBuildFile; productRef = 184B89AE2BDCDCA700728576 /* FirebaseAnalyticsSwift */; };
		184B89B12BDCDCA700728576 /* FirebaseAuth in Frameworks */ = {isa = PBXBuildFile; productRef = 184B89B02BDCDCA700728576 /* FirebaseAuth */; };
		18DA3AC72BD5ECB50065F151 /* EventTinderApp.swift in Sources */ = {isa = PBXBuildFile; fileRef = 18DA3AC62BD5ECB50065F151 /* EventTinderApp.swift */; };
		18DA3AC92BD5ECB50065F151 /* ContentView.swift in Sources */ = {isa = PBXBuildFile; fileRef = 18DA3AC82BD5ECB50065F151 /* ContentView.swift */; };
		18DA3ACB2BD5ECB80065F151 /* Assets.xcassets in Resources */ = {isa = PBXBuildFile; fileRef = 18DA3ACA2BD5ECB70065F151 /* Assets.xcassets */; };
		18DA3ACE2BD5ECB80065F151 /* Preview Assets.xcassets in Resources */ = {isa = PBXBuildFile; fileRef = 18DA3ACD2BD5ECB80065F151 /* Preview Assets.xcassets */; };
		18DA3AD82BD626550065F151 /* DecisionView.swift in Sources */ = {isa = PBXBuildFile; fileRef = 18DA3AD72BD626550065F151 /* DecisionView.swift */; };
		18DA3ADA2BD626750065F151 /* GroupView.swift in Sources */ = {isa = PBXBuildFile; fileRef = 18DA3AD92BD626750065F151 /* GroupView.swift */; };
		18DA3ADC2BD626A30065F151 /* ExploreView.swift in Sources */ = {isa = PBXBuildFile; fileRef = 18DA3ADB2BD626A30065F151 /* ExploreView.swift */; };
		18DA3ADE2BD626BD0065F151 /* MatchesView.swift in Sources */ = {isa = PBXBuildFile; fileRef = 18DA3ADD2BD626BD0065F151 /* MatchesView.swift */; };
		262F46842BDE6427006443FD /* DecisionService.swift in Sources */ = {isa = PBXBuildFile; fileRef = 262F46832BDE6427006443FD /* DecisionService.swift */; };
		262F46862BDE6447006443FD /* EventInfoView.swift in Sources */ = {isa = PBXBuildFile; fileRef = 262F46852BDE6447006443FD /* EventInfoView.swift */; };
		262F46882BDE6456006443FD /* SwipeView.swift in Sources */ = {isa = PBXBuildFile; fileRef = 262F46872BDE6456006443FD /* SwipeView.swift */; };
		262F468A2BDE6475006443FD /* ImageScrollOverlay.swift in Sources */ = {isa = PBXBuildFile; fileRef = 262F46892BDE6475006443FD /* ImageScrollOverlay.swift */; };
		262F468C2BDE6490006443FD /* ImageIndicatorView.swift in Sources */ = {isa = PBXBuildFile; fileRef = 262F468B2BDE6490006443FD /* ImageIndicatorView.swift */; };
		262F468E2BDE64A8006443FD /* CardStackView.swift in Sources */ = {isa = PBXBuildFile; fileRef = 262F468D2BDE64A8006443FD /* CardStackView.swift */; };
		262F46902BDE64CA006443FD /* SwipeButtonView.swift in Sources */ = {isa = PBXBuildFile; fileRef = 262F468F2BDE64CA006443FD /* SwipeButtonView.swift */; };
		262F46932BDE650B006443FD /* Event.swift in Sources */ = {isa = PBXBuildFile; fileRef = 262F46922BDE650B006443FD /* Event.swift */; };
		262F46952BDE6528006443FD /* DecisionModel.swift in Sources */ = {isa = PBXBuildFile; fileRef = 262F46942BDE6528006443FD /* DecisionModel.swift */; };
		262F46972BDE653D006443FD /* DecisionViewModel.swift in Sources */ = {isa = PBXBuildFile; fileRef = 262F46962BDE653D006443FD /* DecisionViewModel.swift */; };
		262F46992BDE654E006443FD /* SwipeAction.swift in Sources */ = {isa = PBXBuildFile; fileRef = 262F46982BDE654E006443FD /* SwipeAction.swift */; };
		262F469C2BDE65BA006443FD /* SizeConstants.swift in Sources */ = {isa = PBXBuildFile; fileRef = 262F469B2BDE65BA006443FD /* SizeConstants.swift */; };
		262F46A02BDE65E9006443FD /* MockData.swift in Sources */ = {isa = PBXBuildFile; fileRef = 262F469F2BDE65E9006443FD /* MockData.swift */; };
/* End PBXBuildFile section */

/* Begin PBXFileReference section */
		184B89802BDB62B100728576 /* SignInEmailView.swift */ = {isa = PBXFileReference; lastKnownFileType = sourcecode.swift; path = SignInEmailView.swift; sourceTree = "<group>"; };
		184B89822BDB63E400728576 /* GoogleService-Info.plist */ = {isa = PBXFileReference; fileEncoding = 4; lastKnownFileType = text.plist.xml; path = "GoogleService-Info.plist"; sourceTree = "<group>"; };
		184B898C2BDB663200728576 /* AuthentificationView.swift */ = {isa = PBXFileReference; lastKnownFileType = sourcecode.swift; path = AuthentificationView.swift; sourceTree = "<group>"; };
		184B898F2BDB681400728576 /* SignInEmailViewModel.swift */ = {isa = PBXFileReference; lastKnownFileType = sourcecode.swift; name = SignInEmailViewModel.swift; path = EventTinder/View/SignInEmailViewModel.swift; sourceTree = SOURCE_ROOT; };
		184B89912BDC71CD00728576 /* AuthentificationManagerViewModel.swift */ = {isa = PBXFileReference; lastKnownFileType = sourcecode.swift; path = AuthentificationManagerViewModel.swift; sourceTree = "<group>"; };
		184B89932BDC756700728576 /* ProfileView.swift */ = {isa = PBXFileReference; lastKnownFileType = sourcecode.swift; path = ProfileView.swift; sourceTree = "<group>"; };
		184B89952BDC75D600728576 /* ProfileViewModel.swift */ = {isa = PBXFileReference; lastKnownFileType = sourcecode.swift; path = ProfileViewModel.swift; sourceTree = "<group>"; };
		184B89972BDC78D600728576 /* CreateGroupView.swift */ = {isa = PBXFileReference; lastKnownFileType = sourcecode.swift; path = CreateGroupView.swift; sourceTree = "<group>"; };
		184B899A2BDC8AB300728576 /* GroupRowView.swift */ = {isa = PBXFileReference; lastKnownFileType = sourcecode.swift; path = GroupRowView.swift; sourceTree = "<group>"; };
		184B899C2BDCB0B700728576 /* Group.swift */ = {isa = PBXFileReference; lastKnownFileType = sourcecode.swift; name = Group.swift; path = EventTinder/View/Groups/Group.swift; sourceTree = SOURCE_ROOT; };
		18DA3AC32BD5ECB50065F151 /* EventTinder.app */ = {isa = PBXFileReference; explicitFileType = wrapper.application; includeInIndex = 0; path = EventTinder.app; sourceTree = BUILT_PRODUCTS_DIR; };
		18DA3AC62BD5ECB50065F151 /* EventTinderApp.swift */ = {isa = PBXFileReference; lastKnownFileType = sourcecode.swift; path = EventTinderApp.swift; sourceTree = "<group>"; };
		18DA3AC82BD5ECB50065F151 /* ContentView.swift */ = {isa = PBXFileReference; lastKnownFileType = sourcecode.swift; path = ContentView.swift; sourceTree = "<group>"; };
		18DA3ACA2BD5ECB70065F151 /* Assets.xcassets */ = {isa = PBXFileReference; lastKnownFileType = folder.assetcatalog; path = Assets.xcassets; sourceTree = "<group>"; };
		18DA3ACD2BD5ECB80065F151 /* Preview Assets.xcassets */ = {isa = PBXFileReference; lastKnownFileType = folder.assetcatalog; path = "Preview Assets.xcassets"; sourceTree = "<group>"; };
		18DA3AD72BD626550065F151 /* DecisionView.swift */ = {isa = PBXFileReference; lastKnownFileType = sourcecode.swift; path = DecisionView.swift; sourceTree = "<group>"; };
		18DA3AD92BD626750065F151 /* GroupView.swift */ = {isa = PBXFileReference; lastKnownFileType = sourcecode.swift; path = GroupView.swift; sourceTree = "<group>"; };
		18DA3ADB2BD626A30065F151 /* ExploreView.swift */ = {isa = PBXFileReference; lastKnownFileType = sourcecode.swift; path = ExploreView.swift; sourceTree = "<group>"; };
		18DA3ADD2BD626BD0065F151 /* MatchesView.swift */ = {isa = PBXFileReference; lastKnownFileType = sourcecode.swift; path = MatchesView.swift; sourceTree = "<group>"; };
		262F46832BDE6427006443FD /* DecisionService.swift */ = {isa = PBXFileReference; lastKnownFileType = sourcecode.swift; path = DecisionService.swift; sourceTree = "<group>"; };
		262F46852BDE6447006443FD /* EventInfoView.swift */ = {isa = PBXFileReference; lastKnownFileType = sourcecode.swift; path = EventInfoView.swift; sourceTree = "<group>"; };
		262F46872BDE6456006443FD /* SwipeView.swift */ = {isa = PBXFileReference; lastKnownFileType = sourcecode.swift; path = SwipeView.swift; sourceTree = "<group>"; };
		262F46892BDE6475006443FD /* ImageScrollOverlay.swift */ = {isa = PBXFileReference; lastKnownFileType = sourcecode.swift; path = ImageScrollOverlay.swift; sourceTree = "<group>"; };
		262F468B2BDE6490006443FD /* ImageIndicatorView.swift */ = {isa = PBXFileReference; lastKnownFileType = sourcecode.swift; path = ImageIndicatorView.swift; sourceTree = "<group>"; };
		262F468D2BDE64A8006443FD /* CardStackView.swift */ = {isa = PBXFileReference; lastKnownFileType = sourcecode.swift; path = CardStackView.swift; sourceTree = "<group>"; };
		262F468F2BDE64CA006443FD /* SwipeButtonView.swift */ = {isa = PBXFileReference; lastKnownFileType = sourcecode.swift; path = SwipeButtonView.swift; sourceTree = "<group>"; };
		262F46922BDE650B006443FD /* Event.swift */ = {isa = PBXFileReference; lastKnownFileType = sourcecode.swift; path = Event.swift; sourceTree = "<group>"; };
		262F46942BDE6528006443FD /* DecisionModel.swift */ = {isa = PBXFileReference; lastKnownFileType = sourcecode.swift; path = DecisionModel.swift; sourceTree = "<group>"; };
		262F46962BDE653D006443FD /* DecisionViewModel.swift */ = {isa = PBXFileReference; lastKnownFileType = sourcecode.swift; path = DecisionViewModel.swift; sourceTree = "<group>"; };
		262F46982BDE654E006443FD /* SwipeAction.swift */ = {isa = PBXFileReference; lastKnownFileType = sourcecode.swift; path = SwipeAction.swift; sourceTree = "<group>"; };
		262F469B2BDE65BA006443FD /* SizeConstants.swift */ = {isa = PBXFileReference; lastKnownFileType = sourcecode.swift; path = SizeConstants.swift; sourceTree = "<group>"; };
		262F469F2BDE65E9006443FD /* MockData.swift */ = {isa = PBXFileReference; lastKnownFileType = sourcecode.swift; path = MockData.swift; sourceTree = "<group>"; };
/* End PBXFileReference section */

/* Begin PBXFrameworksBuildPhase section */
		18DA3AC02BD5ECB50065F151 /* Frameworks */ = {
			isa = PBXFrameworksBuildPhase;
			buildActionMask = 2147483647;
			files = (
				184B89AF2BDCDCA700728576 /* FirebaseAnalyticsSwift in Frameworks */,
				184B89B12BDCDCA700728576 /* FirebaseAuth in Frameworks */,
				184B89AD2BDCDCA700728576 /* FirebaseAnalytics in Frameworks */,
			);
			runOnlyForDeploymentPostprocessing = 0;
		};
/* End PBXFrameworksBuildPhase section */

/* Begin PBXGroup section */
		184B89892BDB65CB00728576 /* Frameworks */ = {
			isa = PBXGroup;
			children = (
			);
			name = Frameworks;
			sourceTree = "<group>";
		};
		184B898E2BDB663900728576 /* Authentification */ = {
			isa = PBXGroup;
			children = (
				184B89802BDB62B100728576 /* SignInEmailView.swift */,
				184B898C2BDB663200728576 /* AuthentificationView.swift */,
			);
			path = Authentification;
			sourceTree = "<group>";
		};
		184B89992BDC8A4600728576 /* Groups */ = {
			isa = PBXGroup;
			children = (
				18DA3AD92BD626750065F151 /* GroupView.swift */,
				184B899A2BDC8AB300728576 /* GroupRowView.swift */,
				184B89972BDC78D600728576 /* CreateGroupView.swift */,
				184B89932BDC756700728576 /* ProfileView.swift */,
			);
			path = Groups;
			sourceTree = "<group>";
		};
		18DA3ABA2BD5ECB50065F151 = {
			isa = PBXGroup;
			children = (
				18DA3AC52BD5ECB50065F151 /* EventTinder */,
				18DA3AC42BD5ECB50065F151 /* Products */,
				184B89892BDB65CB00728576 /* Frameworks */,
			);
			sourceTree = "<group>";
		};
		18DA3AC42BD5ECB50065F151 /* Products */ = {
			isa = PBXGroup;
			children = (
				18DA3AC32BD5ECB50065F151 /* EventTinder.app */,
			);
			name = Products;
			sourceTree = "<group>";
		};
		18DA3AC52BD5ECB50065F151 /* EventTinder */ = {
			isa = PBXGroup;
			children = (
				18DA3AC62BD5ECB50065F151 /* EventTinderApp.swift */,
				18DA3AD42BD6258A0065F151 /* View */,
				18DA3AD62BD6259E0065F151 /* ViewModel */,
				18DA3AD52BD625950065F151 /* Model */,
				18DA3ACA2BD5ECB70065F151 /* Assets.xcassets */,
				18DA3ACC2BD5ECB80065F151 /* Preview Content */,
			);
			path = EventTinder;
			sourceTree = "<group>";
		};
		18DA3ACC2BD5ECB80065F151 /* Preview Content */ = {
			isa = PBXGroup;
			children = (
				18DA3ACD2BD5ECB80065F151 /* Preview Assets.xcassets */,
			);
			path = "Preview Content";
			sourceTree = "<group>";
		};
		18DA3AD42BD6258A0065F151 /* View */ = {
			isa = PBXGroup;
			children = (
				18DA3AC82BD5ECB50065F151 /* ContentView.swift */,
				184B898E2BDB663900728576 /* Authentification */,
				18DA3ADB2BD626A30065F151 /* ExploreView.swift */,
				184B89992BDC8A4600728576 /* Groups */,
				262F46612BDCEB05006443FD /* Decisions */,
				18DA3ADD2BD626BD0065F151 /* MatchesView.swift */,
				184B89822BDB63E400728576 /* GoogleService-Info.plist */,
			);
			path = View;
			sourceTree = "<group>";
		};
		18DA3AD52BD625950065F151 /* Model */ = {
			isa = PBXGroup;
			children = (
				262F46912BDE6501006443FD /* Decisions Model */,
				184B899C2BDCB0B700728576 /* Group.swift */,
			);
			path = Model;
			sourceTree = "<group>";
		};
		18DA3AD62BD6259E0065F151 /* ViewModel */ = {
			isa = PBXGroup;
			children = (
				184B898F2BDB681400728576 /* SignInEmailViewModel.swift */,
				184B89912BDC71CD00728576 /* AuthentificationManagerViewModel.swift */,
				184B89952BDC75D600728576 /* ProfileViewModel.swift */,
			);
			path = ViewModel;
			sourceTree = "<group>";
		};
		262F46612BDCEB05006443FD /* Decisions */ = {
			isa = PBXGroup;
			children = (
				262F469A2BDE65A3006443FD /* Utils */,
				262F46822BDE6417006443FD /* Service */,
				18DA3AD72BD626550065F151 /* DecisionView.swift */,
				262F468D2BDE64A8006443FD /* CardStackView.swift */,
				262F46852BDE6447006443FD /* EventInfoView.swift */,
				262F46872BDE6456006443FD /* SwipeView.swift */,
				262F46892BDE6475006443FD /* ImageScrollOverlay.swift */,
				262F468B2BDE6490006443FD /* ImageIndicatorView.swift */,
				262F468F2BDE64CA006443FD /* SwipeButtonView.swift */,
			);
			path = Decisions;
			sourceTree = "<group>";
		};
		262F46822BDE6417006443FD /* Service */ = {
			isa = PBXGroup;
			children = (
				262F46832BDE6427006443FD /* DecisionService.swift */,
			);
			path = Service;
			sourceTree = "<group>";
		};
		262F46912BDE6501006443FD /* Decisions Model */ = {
			isa = PBXGroup;
			children = (
				262F46922BDE650B006443FD /* Event.swift */,
				262F46942BDE6528006443FD /* DecisionModel.swift */,
				262F46962BDE653D006443FD /* DecisionViewModel.swift */,
				262F46982BDE654E006443FD /* SwipeAction.swift */,
			);
			path = "Decisions Model";
			sourceTree = "<group>";
		};
		262F469A2BDE65A3006443FD /* Utils */ = {
			isa = PBXGroup;
			children = (
				262F469B2BDE65BA006443FD /* SizeConstants.swift */,
				262F469F2BDE65E9006443FD /* MockData.swift */,
			);
			path = Utils;
			sourceTree = "<group>";
		};
/* End PBXGroup section */

/* Begin PBXNativeTarget section */
		18DA3AC22BD5ECB50065F151 /* EventTinder */ = {
			isa = PBXNativeTarget;
			buildConfigurationList = 18DA3AD12BD5ECB80065F151 /* Build configuration list for PBXNativeTarget "EventTinder" */;
			buildPhases = (
				18DA3ABF2BD5ECB50065F151 /* Sources */,
				18DA3AC02BD5ECB50065F151 /* Frameworks */,
				18DA3AC12BD5ECB50065F151 /* Resources */,
			);
			buildRules = (
			);
			dependencies = (
			);
			name = EventTinder;
			packageProductDependencies = (
				184B89AC2BDCDCA700728576 /* FirebaseAnalytics */,
				184B89AE2BDCDCA700728576 /* FirebaseAnalyticsSwift */,
				184B89B02BDCDCA700728576 /* FirebaseAuth */,
			);
			productName = EventTinder;
			productReference = 18DA3AC32BD5ECB50065F151 /* EventTinder.app */;
			productType = "com.apple.product-type.application";
		};
/* End PBXNativeTarget section */

/* Begin PBXProject section */
		18DA3ABB2BD5ECB50065F151 /* Project object */ = {
			isa = PBXProject;
			attributes = {
				BuildIndependentTargetsInParallel = 1;
				LastSwiftUpdateCheck = 1530;
				LastUpgradeCheck = 1530;
				TargetAttributes = {
					18DA3AC22BD5ECB50065F151 = {
						CreatedOnToolsVersion = 15.3;
					};
				};
			};
			buildConfigurationList = 18DA3ABE2BD5ECB50065F151 /* Build configuration list for PBXProject "EventTinder" */;
			compatibilityVersion = "Xcode 14.0";
			developmentRegion = en;
			hasScannedForEncodings = 0;
			knownRegions = (
				en,
				Base,
			);
			mainGroup = 18DA3ABA2BD5ECB50065F151;
			packageReferences = (
				184B89842BDB641300728576 /* XCRemoteSwiftPackageReference "firebase-ios-sdk" */,
			);
			productRefGroup = 18DA3AC42BD5ECB50065F151 /* Products */;
			projectDirPath = "";
			projectRoot = "";
			targets = (
				18DA3AC22BD5ECB50065F151 /* EventTinder */,
			);
		};
/* End PBXProject section */

/* Begin PBXResourcesBuildPhase section */
		18DA3AC12BD5ECB50065F151 /* Resources */ = {
			isa = PBXResourcesBuildPhase;
			buildActionMask = 2147483647;
			files = (
				18DA3ACE2BD5ECB80065F151 /* Preview Assets.xcassets in Resources */,
				184B89832BDB63E400728576 /* GoogleService-Info.plist in Resources */,
				18DA3ACB2BD5ECB80065F151 /* Assets.xcassets in Resources */,
			);
			runOnlyForDeploymentPostprocessing = 0;
		};
/* End PBXResourcesBuildPhase section */

/* Begin PBXSourcesBuildPhase section */
		18DA3ABF2BD5ECB50065F151 /* Sources */ = {
			isa = PBXSourcesBuildPhase;
			buildActionMask = 2147483647;
			files = (
				262F46972BDE653D006443FD /* DecisionViewModel.swift in Sources */,
				18DA3AC92BD5ECB50065F151 /* ContentView.swift in Sources */,
				18DA3AC72BD5ECB50065F151 /* EventTinderApp.swift in Sources */,
				184B89982BDC78D600728576 /* CreateGroupView.swift in Sources */,
				184B899D2BDCB0B700728576 /* Group.swift in Sources */,
				262F46A02BDE65E9006443FD /* MockData.swift in Sources */,
				184B899B2BDC8AB300728576 /* GroupRowView.swift in Sources */,
				262F46992BDE654E006443FD /* SwipeAction.swift in Sources */,
				18DA3ADA2BD626750065F151 /* GroupView.swift in Sources */,
				184B89812BDB62B100728576 /* SignInEmailView.swift in Sources */,
				18DA3AD82BD626550065F151 /* DecisionView.swift in Sources */,
				262F46932BDE650B006443FD /* Event.swift in Sources */,
				184B89922BDC71CD00728576 /* AuthentificationManagerViewModel.swift in Sources */,
				184B89962BDC75D600728576 /* ProfileViewModel.swift in Sources */,
				262F468C2BDE6490006443FD /* ImageIndicatorView.swift in Sources */,
				18DA3ADE2BD626BD0065F151 /* MatchesView.swift in Sources */,
				262F46952BDE6528006443FD /* DecisionModel.swift in Sources */,
				184B89902BDB681400728576 /* SignInEmailViewModel.swift in Sources */,
				262F469C2BDE65BA006443FD /* SizeConstants.swift in Sources */,
				18DA3ADC2BD626A30065F151 /* ExploreView.swift in Sources */,
				262F468A2BDE6475006443FD /* ImageScrollOverlay.swift in Sources */,
				262F468E2BDE64A8006443FD /* CardStackView.swift in Sources */,
				184B89942BDC756700728576 /* ProfileView.swift in Sources */,
				184B898D2BDB663200728576 /* AuthentificationView.swift in Sources */,
				262F46882BDE6456006443FD /* SwipeView.swift in Sources */,
				262F46902BDE64CA006443FD /* SwipeButtonView.swift in Sources */,
				262F46862BDE6447006443FD /* EventInfoView.swift in Sources */,
				262F46842BDE6427006443FD /* DecisionService.swift in Sources */,
			);
			runOnlyForDeploymentPostprocessing = 0;
		};
/* End PBXSourcesBuildPhase section */

/* Begin XCBuildConfiguration section */
		18DA3ACF2BD5ECB80065F151 /* Debug */ = {
			isa = XCBuildConfiguration;
			buildSettings = {
				ALWAYS_SEARCH_USER_PATHS = NO;
				ASSETCATALOG_COMPILER_GENERATE_SWIFT_ASSET_SYMBOL_EXTENSIONS = YES;
				CLANG_ANALYZER_NONNULL = YES;
				CLANG_ANALYZER_NUMBER_OBJECT_CONVERSION = YES_AGGRESSIVE;
				CLANG_CXX_LANGUAGE_STANDARD = "gnu++20";
				CLANG_ENABLE_MODULES = YES;
				CLANG_ENABLE_OBJC_ARC = YES;
				CLANG_ENABLE_OBJC_WEAK = YES;
				CLANG_WARN_BLOCK_CAPTURE_AUTORELEASING = YES;
				CLANG_WARN_BOOL_CONVERSION = YES;
				CLANG_WARN_COMMA = YES;
				CLANG_WARN_CONSTANT_CONVERSION = YES;
				CLANG_WARN_DEPRECATED_OBJC_IMPLEMENTATIONS = YES;
				CLANG_WARN_DIRECT_OBJC_ISA_USAGE = YES_ERROR;
				CLANG_WARN_DOCUMENTATION_COMMENTS = YES;
				CLANG_WARN_EMPTY_BODY = YES;
				CLANG_WARN_ENUM_CONVERSION = YES;
				CLANG_WARN_INFINITE_RECURSION = YES;
				CLANG_WARN_INT_CONVERSION = YES;
				CLANG_WARN_NON_LITERAL_NULL_CONVERSION = YES;
				CLANG_WARN_OBJC_IMPLICIT_RETAIN_SELF = YES;
				CLANG_WARN_OBJC_LITERAL_CONVERSION = YES;
				CLANG_WARN_OBJC_ROOT_CLASS = YES_ERROR;
				CLANG_WARN_QUOTED_INCLUDE_IN_FRAMEWORK_HEADER = YES;
				CLANG_WARN_RANGE_LOOP_ANALYSIS = YES;
				CLANG_WARN_STRICT_PROTOTYPES = YES;
				CLANG_WARN_SUSPICIOUS_MOVE = YES;
				CLANG_WARN_UNGUARDED_AVAILABILITY = YES_AGGRESSIVE;
				CLANG_WARN_UNREACHABLE_CODE = YES;
				CLANG_WARN__DUPLICATE_METHOD_MATCH = YES;
				COPY_PHASE_STRIP = NO;
				DEBUG_INFORMATION_FORMAT = dwarf;
				ENABLE_STRICT_OBJC_MSGSEND = YES;
				ENABLE_TESTABILITY = YES;
				ENABLE_USER_SCRIPT_SANDBOXING = YES;
				GCC_C_LANGUAGE_STANDARD = gnu17;
				GCC_DYNAMIC_NO_PIC = NO;
				GCC_NO_COMMON_BLOCKS = YES;
				GCC_OPTIMIZATION_LEVEL = 0;
				GCC_PREPROCESSOR_DEFINITIONS = (
					"DEBUG=1",
					"$(inherited)",
				);
				GCC_WARN_64_TO_32_BIT_CONVERSION = YES;
				GCC_WARN_ABOUT_RETURN_TYPE = YES_ERROR;
				GCC_WARN_UNDECLARED_SELECTOR = YES;
				GCC_WARN_UNINITIALIZED_AUTOS = YES_AGGRESSIVE;
				GCC_WARN_UNUSED_FUNCTION = YES;
				GCC_WARN_UNUSED_VARIABLE = YES;
				IPHONEOS_DEPLOYMENT_TARGET = 17.4;
				LOCALIZATION_PREFERS_STRING_CATALOGS = YES;
				MTL_ENABLE_DEBUG_INFO = INCLUDE_SOURCE;
				MTL_FAST_MATH = YES;
				ONLY_ACTIVE_ARCH = YES;
				SDKROOT = iphoneos;
				SWIFT_ACTIVE_COMPILATION_CONDITIONS = "DEBUG $(inherited)";
				SWIFT_OPTIMIZATION_LEVEL = "-Onone";
			};
			name = Debug;
		};
		18DA3AD02BD5ECB80065F151 /* Release */ = {
			isa = XCBuildConfiguration;
			buildSettings = {
				ALWAYS_SEARCH_USER_PATHS = NO;
				ASSETCATALOG_COMPILER_GENERATE_SWIFT_ASSET_SYMBOL_EXTENSIONS = YES;
				CLANG_ANALYZER_NONNULL = YES;
				CLANG_ANALYZER_NUMBER_OBJECT_CONVERSION = YES_AGGRESSIVE;
				CLANG_CXX_LANGUAGE_STANDARD = "gnu++20";
				CLANG_ENABLE_MODULES = YES;
				CLANG_ENABLE_OBJC_ARC = YES;
				CLANG_ENABLE_OBJC_WEAK = YES;
				CLANG_WARN_BLOCK_CAPTURE_AUTORELEASING = YES;
				CLANG_WARN_BOOL_CONVERSION = YES;
				CLANG_WARN_COMMA = YES;
				CLANG_WARN_CONSTANT_CONVERSION = YES;
				CLANG_WARN_DEPRECATED_OBJC_IMPLEMENTATIONS = YES;
				CLANG_WARN_DIRECT_OBJC_ISA_USAGE = YES_ERROR;
				CLANG_WARN_DOCUMENTATION_COMMENTS = YES;
				CLANG_WARN_EMPTY_BODY = YES;
				CLANG_WARN_ENUM_CONVERSION = YES;
				CLANG_WARN_INFINITE_RECURSION = YES;
				CLANG_WARN_INT_CONVERSION = YES;
				CLANG_WARN_NON_LITERAL_NULL_CONVERSION = YES;
				CLANG_WARN_OBJC_IMPLICIT_RETAIN_SELF = YES;
				CLANG_WARN_OBJC_LITERAL_CONVERSION = YES;
				CLANG_WARN_OBJC_ROOT_CLASS = YES_ERROR;
				CLANG_WARN_QUOTED_INCLUDE_IN_FRAMEWORK_HEADER = YES;
				CLANG_WARN_RANGE_LOOP_ANALYSIS = YES;
				CLANG_WARN_STRICT_PROTOTYPES = YES;
				CLANG_WARN_SUSPICIOUS_MOVE = YES;
				CLANG_WARN_UNGUARDED_AVAILABILITY = YES_AGGRESSIVE;
				CLANG_WARN_UNREACHABLE_CODE = YES;
				CLANG_WARN__DUPLICATE_METHOD_MATCH = YES;
				COPY_PHASE_STRIP = NO;
				DEBUG_INFORMATION_FORMAT = "dwarf-with-dsym";
				ENABLE_NS_ASSERTIONS = NO;
				ENABLE_STRICT_OBJC_MSGSEND = YES;
				ENABLE_USER_SCRIPT_SANDBOXING = YES;
				GCC_C_LANGUAGE_STANDARD = gnu17;
				GCC_NO_COMMON_BLOCKS = YES;
				GCC_WARN_64_TO_32_BIT_CONVERSION = YES;
				GCC_WARN_ABOUT_RETURN_TYPE = YES_ERROR;
				GCC_WARN_UNDECLARED_SELECTOR = YES;
				GCC_WARN_UNINITIALIZED_AUTOS = YES_AGGRESSIVE;
				GCC_WARN_UNUSED_FUNCTION = YES;
				GCC_WARN_UNUSED_VARIABLE = YES;
				IPHONEOS_DEPLOYMENT_TARGET = 17.4;
				LOCALIZATION_PREFERS_STRING_CATALOGS = YES;
				MTL_ENABLE_DEBUG_INFO = NO;
				MTL_FAST_MATH = YES;
				SDKROOT = iphoneos;
				SWIFT_COMPILATION_MODE = wholemodule;
				VALIDATE_PRODUCT = YES;
			};
			name = Release;
		};
		18DA3AD22BD5ECB80065F151 /* Debug */ = {
			isa = XCBuildConfiguration;
			buildSettings = {
				ASSETCATALOG_COMPILER_APPICON_NAME = AppIcon;
				ASSETCATALOG_COMPILER_GLOBAL_ACCENT_COLOR_NAME = AccentColor;
				CODE_SIGN_STYLE = Automatic;
				CURRENT_PROJECT_VERSION = 1;
				DEVELOPMENT_ASSET_PATHS = "\"EventTinder/Preview Content\"";
				ENABLE_PREVIEWS = YES;
				GENERATE_INFOPLIST_FILE = YES;
				INFOPLIST_KEY_UIApplicationSceneManifest_Generation = YES;
				INFOPLIST_KEY_UIApplicationSupportsIndirectInputEvents = YES;
				INFOPLIST_KEY_UILaunchScreen_Generation = YES;
				INFOPLIST_KEY_UISupportedInterfaceOrientations_iPad = "UIInterfaceOrientationPortrait UIInterfaceOrientationPortraitUpsideDown UIInterfaceOrientationLandscapeLeft UIInterfaceOrientationLandscapeRight";
				INFOPLIST_KEY_UISupportedInterfaceOrientations_iPhone = "UIInterfaceOrientationPortrait UIInterfaceOrientationLandscapeLeft UIInterfaceOrientationLandscapeRight";
				IPHONEOS_DEPLOYMENT_TARGET = 17.2;
				LD_RUNPATH_SEARCH_PATHS = (
					"$(inherited)",
					"@executable_path/Frameworks",
				);
				MARKETING_VERSION = 1.0;
				PRODUCT_BUNDLE_IDENTIFIER = au.edu.uts.EventTinder;
				PRODUCT_NAME = "$(TARGET_NAME)";
				SWIFT_EMIT_LOC_STRINGS = YES;
				SWIFT_VERSION = 5.0;
				TARGETED_DEVICE_FAMILY = "1,2";
			};
			name = Debug;
		};
		18DA3AD32BD5ECB80065F151 /* Release */ = {
			isa = XCBuildConfiguration;
			buildSettings = {
				ASSETCATALOG_COMPILER_APPICON_NAME = AppIcon;
				ASSETCATALOG_COMPILER_GLOBAL_ACCENT_COLOR_NAME = AccentColor;
				CODE_SIGN_STYLE = Automatic;
				CURRENT_PROJECT_VERSION = 1;
				DEVELOPMENT_ASSET_PATHS = "\"EventTinder/Preview Content\"";
				ENABLE_PREVIEWS = YES;
				GENERATE_INFOPLIST_FILE = YES;
				INFOPLIST_KEY_UIApplicationSceneManifest_Generation = YES;
				INFOPLIST_KEY_UIApplicationSupportsIndirectInputEvents = YES;
				INFOPLIST_KEY_UILaunchScreen_Generation = YES;
				INFOPLIST_KEY_UISupportedInterfaceOrientations_iPad = "UIInterfaceOrientationPortrait UIInterfaceOrientationPortraitUpsideDown UIInterfaceOrientationLandscapeLeft UIInterfaceOrientationLandscapeRight";
				INFOPLIST_KEY_UISupportedInterfaceOrientations_iPhone = "UIInterfaceOrientationPortrait UIInterfaceOrientationLandscapeLeft UIInterfaceOrientationLandscapeRight";
				IPHONEOS_DEPLOYMENT_TARGET = 17.2;
				LD_RUNPATH_SEARCH_PATHS = (
					"$(inherited)",
					"@executable_path/Frameworks",
				);
				MARKETING_VERSION = 1.0;
				PRODUCT_BUNDLE_IDENTIFIER = au.edu.uts.EventTinder;
				PRODUCT_NAME = "$(TARGET_NAME)";
				SWIFT_EMIT_LOC_STRINGS = YES;
				SWIFT_VERSION = 5.0;
				TARGETED_DEVICE_FAMILY = "1,2";
			};
			name = Release;
		};
/* End XCBuildConfiguration section */

/* Begin XCConfigurationList section */
		18DA3ABE2BD5ECB50065F151 /* Build configuration list for PBXProject "EventTinder" */ = {
			isa = XCConfigurationList;
			buildConfigurations = (
				18DA3ACF2BD5ECB80065F151 /* Debug */,
				18DA3AD02BD5ECB80065F151 /* Release */,
			);
			defaultConfigurationIsVisible = 0;
			defaultConfigurationName = Release;
		};
		18DA3AD12BD5ECB80065F151 /* Build configuration list for PBXNativeTarget "EventTinder" */ = {
			isa = XCConfigurationList;
			buildConfigurations = (
				18DA3AD22BD5ECB80065F151 /* Debug */,
				18DA3AD32BD5ECB80065F151 /* Release */,
			);
			defaultConfigurationIsVisible = 0;
			defaultConfigurationName = Release;
		};
/* End XCConfigurationList section */

/* Begin XCRemoteSwiftPackageReference section */
		184B89842BDB641300728576 /* XCRemoteSwiftPackageReference "firebase-ios-sdk" */ = {
			isa = XCRemoteSwiftPackageReference;
			repositoryURL = "https://github.com/firebase/firebase-ios-sdk";
			requirement = {
				kind = upToNextMajorVersion;
				minimumVersion = 10.24.0;
			};
		};
/* End XCRemoteSwiftPackageReference section */

/* Begin XCSwiftPackageProductDependency section */
		184B89AC2BDCDCA700728576 /* FirebaseAnalytics */ = {
			isa = XCSwiftPackageProductDependency;
			package = 184B89842BDB641300728576 /* XCRemoteSwiftPackageReference "firebase-ios-sdk" */;
			productName = FirebaseAnalytics;
		};
		184B89AE2BDCDCA700728576 /* FirebaseAnalyticsSwift */ = {
			isa = XCSwiftPackageProductDependency;
			package = 184B89842BDB641300728576 /* XCRemoteSwiftPackageReference "firebase-ios-sdk" */;
			productName = FirebaseAnalyticsSwift;
		};
		184B89B02BDCDCA700728576 /* FirebaseAuth */ = {
			isa = XCSwiftPackageProductDependency;
			package = 184B89842BDB641300728576 /* XCRemoteSwiftPackageReference "firebase-ios-sdk" */;
			productName = FirebaseAuth;
		};
/* End XCSwiftPackageProductDependency section */
	};
	rootObject = 18DA3ABB2BD5ECB50065F151 /* Project object */;
}
